// !$*UTF8*$!
{
	archiveVersion = 1;
	classes = {
	};
	objectVersion = 50;
	objects = {

/* Begin PBXBuildFile section */
		3063D18D2539A3A800A2997D /* AppDelegate.swift in Sources */ = {isa = PBXBuildFile; fileRef = 3063D18C2539A3A800A2997D /* AppDelegate.swift */; };
		3063D18F2539A3A800A2997D /* SceneDelegate.swift in Sources */ = {isa = PBXBuildFile; fileRef = 3063D18E2539A3A800A2997D /* SceneDelegate.swift */; };
		3063D1942539A3A800A2997D /* Main.storyboard in Resources */ = {isa = PBXBuildFile; fileRef = 3063D1922539A3A800A2997D /* Main.storyboard */; };
		3063D1962539A3AA00A2997D /* Assets.xcassets in Resources */ = {isa = PBXBuildFile; fileRef = 3063D1952539A3AA00A2997D /* Assets.xcassets */; };
		3063D1992539A3AA00A2997D /* LaunchScreen.storyboard in Resources */ = {isa = PBXBuildFile; fileRef = 3063D1972539A3AA00A2997D /* LaunchScreen.storyboard */; };
		308B0BCA254184580048333C /* CornersViewTwo.swift in Sources */ = {isa = PBXBuildFile; fileRef = 308B0BC9254184580048333C /* CornersViewTwo.swift */; };
		30DB11F9254ABC2900ED40D9 /* CornersViewOne.swift in Sources */ = {isa = PBXBuildFile; fileRef = 30DB11F8254ABC2900ED40D9 /* CornersViewOne.swift */; };
		30DB11FC254ABC9500ED40D9 /* CornersViewThree.swift in Sources */ = {isa = PBXBuildFile; fileRef = 30DB11FB254ABC9500ED40D9 /* CornersViewThree.swift */; };
/* End PBXBuildFile section */

/* Begin PBXFileReference section */
		3063D1892539A3A800A2997D /* RoundCornersReproducable.app */ = {isa = PBXFileReference; explicitFileType = wrapper.application; includeInIndex = 0; path = RoundCornersReproducable.app; sourceTree = BUILT_PRODUCTS_DIR; };
		3063D18C2539A3A800A2997D /* AppDelegate.swift */ = {isa = PBXFileReference; lastKnownFileType = sourcecode.swift; path = AppDelegate.swift; sourceTree = "<group>"; };
		3063D18E2539A3A800A2997D /* SceneDelegate.swift */ = {isa = PBXFileReference; lastKnownFileType = sourcecode.swift; path = SceneDelegate.swift; sourceTree = "<group>"; };
		3063D1932539A3A800A2997D /* Base */ = {isa = PBXFileReference; lastKnownFileType = file.storyboard; name = Base; path = Base.lproj/Main.storyboard; sourceTree = "<group>"; };
		3063D1952539A3AA00A2997D /* Assets.xcassets */ = {isa = PBXFileReference; lastKnownFileType = folder.assetcatalog; path = Assets.xcassets; sourceTree = "<group>"; };
		3063D1982539A3AA00A2997D /* Base */ = {isa = PBXFileReference; lastKnownFileType = file.storyboard; name = Base; path = Base.lproj/LaunchScreen.storyboard; sourceTree = "<group>"; };
		3063D19A2539A3AA00A2997D /* Info.plist */ = {isa = PBXFileReference; lastKnownFileType = text.plist.xml; path = Info.plist; sourceTree = "<group>"; };
		308B0BC9254184580048333C /* CornersViewTwo.swift */ = {isa = PBXFileReference; lastKnownFileType = sourcecode.swift; path = CornersViewTwo.swift; sourceTree = "<group>"; };
		30DB11F8254ABC2900ED40D9 /* CornersViewOne.swift */ = {isa = PBXFileReference; lastKnownFileType = sourcecode.swift; path = CornersViewOne.swift; sourceTree = "<group>"; };
		30DB11FB254ABC9500ED40D9 /* CornersViewThree.swift */ = {isa = PBXFileReference; lastKnownFileType = sourcecode.swift; path = CornersViewThree.swift; sourceTree = "<group>"; };
/* End PBXFileReference section */

/* Begin PBXFrameworksBuildPhase section */
		3063D1862539A3A800A2997D /* Frameworks */ = {
			isa = PBXFrameworksBuildPhase;
			buildActionMask = 2147483647;
			files = (
			);
			runOnlyForDeploymentPostprocessing = 0;
		};
/* End PBXFrameworksBuildPhase section */

/* Begin PBXGroup section */
		3063D1802539A3A800A2997D = {
			isa = PBXGroup;
			children = (
				3063D18B2539A3A800A2997D /* RoundCornersReproducable */,
				3063D18A2539A3A800A2997D /* Products */,
			);
			sourceTree = "<group>";
		};
		3063D18A2539A3A800A2997D /* Products */ = {
			isa = PBXGroup;
			children = (
				3063D1892539A3A800A2997D /* RoundCornersReproducable.app */,
			);
			name = Products;
			sourceTree = "<group>";
		};
		3063D18B2539A3A800A2997D /* RoundCornersReproducable */ = {
			isa = PBXGroup;
			children = (
				3063D18C2539A3A800A2997D /* AppDelegate.swift */,
				3063D18E2539A3A800A2997D /* SceneDelegate.swift */,
				30DB11F8254ABC2900ED40D9 /* CornersViewOne.swift */,
				308B0BC9254184580048333C /* CornersViewTwo.swift */,
				30DB11FB254ABC9500ED40D9 /* CornersViewThree.swift */,
				3063D1922539A3A800A2997D /* Main.storyboard */,
				3063D1952539A3AA00A2997D /* Assets.xcassets */,
				3063D1972539A3AA00A2997D /* LaunchScreen.storyboard */,
				3063D19A2539A3AA00A2997D /* Info.plist */,
			);
			path = RoundCornersReproducable;
			sourceTree = "<group>";
		};
/* End PBXGroup section */

/* Begin PBXNativeTarget section */
		3063D1882539A3A800A2997D /* RoundCornersReproducable */ = {
			isa = PBXNativeTarget;
			buildConfigurationList = 3063D19D2539A3AA00A2997D /* Build configuration list for PBXNativeTarget "RoundCornersReproducable" */;
			buildPhases = (
				3063D1852539A3A800A2997D /* Sources */,
				3063D1862539A3A800A2997D /* Frameworks */,
				3063D1872539A3A800A2997D /* Resources */,
			);
			buildRules = (
			);
			dependencies = (
			);
			name = RoundCornersReproducable;
			productName = RoundCornersReproducable;
			productReference = 3063D1892539A3A800A2997D /* RoundCornersReproducable.app */;
			productType = "com.apple.product-type.application";
		};
/* End PBXNativeTarget section */

/* Begin PBXProject section */
		3063D1812539A3A800A2997D /* Project object */ = {
			isa = PBXProject;
			attributes = {
				LastSwiftUpdateCheck = 1200;
				LastUpgradeCheck = 1200;
				TargetAttributes = {
					3063D1882539A3A800A2997D = {
						CreatedOnToolsVersion = 12.0.1;
					};
				};
			};
			buildConfigurationList = 3063D1842539A3A800A2997D /* Build configuration list for PBXProject "RoundCornersReproducable" */;
			compatibilityVersion = "Xcode 9.3";
			developmentRegion = en;
			hasScannedForEncodings = 0;
			knownRegions = (
				en,
				Base,
			);
			mainGroup = 3063D1802539A3A800A2997D;
			productRefGroup = 3063D18A2539A3A800A2997D /* Products */;
			projectDirPath = "";
			projectRoot = "";
			targets = (
				3063D1882539A3A800A2997D /* RoundCornersReproducable */,
			);
		};
/* End PBXProject section */

/* Begin PBXResourcesBuildPhase section */
		3063D1872539A3A800A2997D /* Resources */ = {
			isa = PBXResourcesBuildPhase;
			buildActionMask = 2147483647;
			files = (
				3063D1992539A3AA00A2997D /* LaunchScreen.storyboard in Resources */,
				3063D1962539A3AA00A2997D /* Assets.xcassets in Resources */,
				3063D1942539A3A800A2997D /* Main.storyboard in Resources */,
			);
			runOnlyForDeploymentPostprocessing = 0;
		};
/* End PBXResourcesBuildPhase section */

/* Begin PBXSourcesBuildPhase section */
		3063D1852539A3A800A2997D /* Sources */ = {
			isa = PBXSourcesBuildPhase;
			buildActionMask = 2147483647;
			files = (
				30DB11F9254ABC2900ED40D9 /* CornersViewOne.swift in Sources */,
				308B0BCA254184580048333C /* CornersViewTwo.swift in Sources */,
				3063D18D2539A3A800A2997D /* AppDelegate.swift in Sources */,
				30DB11FC254ABC9500ED40D9 /* CornersViewThree.swift in Sources */,
				3063D18F2539A3A800A2997D /* SceneDelegate.swift in Sources */,
			);
			runOnlyForDeploymentPostprocessing = 0;
		};
/* End PBXSourcesBuildPhase section */

/* Begin PBXVariantGroup section */
		3063D1922539A3A800A2997D /* Main.storyboard */ = {
			isa = PBXVariantGroup;
			children = (
				3063D1932539A3A800A2997D /* Base */,
			);
			name = Main.storyboard;
			sourceTree = "<group>";
		};
		3063D1972539A3AA00A2997D /* LaunchScreen.storyboard */ = {
			isa = PBXVariantGroup;
			children = (
				3063D1982539A3AA00A2997D /* Base */,
			);
			name = LaunchScreen.storyboard;
			sourceTree = "<group>";
		};
/* End PBXVariantGroup section */

/* Begin XCBuildConfiguration section */
		3063D19B2539A3AA00A2997D /* Debug */ = {
			isa = XCBuildConfiguration;
			buildSettings = {
				ALWAYS_SEARCH_USER_PATHS = NO;
				CLANG_ANALYZER_NONNULL = YES;
				CLANG_ANALYZER_NUMBER_OBJECT_CONVERSION = YES_AGGRESSIVE;
				CLANG_CXX_LANGUAGE_STANDARD = "gnu++14";
				CLANG_CXX_LIBRARY = "libc++";
				CLANG_ENABLE_MODULES = YES;
				CLANG_ENABLE_OBJC_ARC = YES;
				CLANG_ENABLE_OBJC_WEAK = YES;
				CLANG_WARN_BLOCK_CAPTURE_AUTORELEASING = YES;
				CLANG_WARN_BOOL_CONVERSION = YES;
				CLANG_WARN_COMMA = YES;
				CLANG_WARN_CONSTANT_CONVERSION = YES;
				CLANG_WARN_DEPRECATED_OBJC_IMPLEMENTATIONS = YES;
				CLANG_WARN_DIRECT_OBJC_ISA_USAGE = YES_ERROR;
				CLANG_WARN_DOCUMENTATION_COMMENTS = YES;
				CLANG_WARN_EMPTY_BODY = YES;
				CLANG_WARN_ENUM_CONVERSION = YES;
				CLANG_WARN_INFINITE_RECURSION = YES;
				CLANG_WARN_INT_CONVERSION = YES;
				CLANG_WARN_NON_LITERAL_NULL_CONVERSION = YES;
				CLANG_WARN_OBJC_IMPLICIT_RETAIN_SELF = YES;
				CLANG_WARN_OBJC_LITERAL_CONVERSION = YES;
				CLANG_WARN_OBJC_ROOT_CLASS = YES_ERROR;
				CLANG_WARN_QUOTED_INCLUDE_IN_FRAMEWORK_HEADER = YES;
				CLANG_WARN_RANGE_LOOP_ANALYSIS = YES;
				CLANG_WARN_STRICT_PROTOTYPES = YES;
				CLANG_WARN_SUSPICIOUS_MOVE = YES;
				CLANG_WARN_UNGUARDED_AVAILABILITY = YES_AGGRESSIVE;
				CLANG_WARN_UNREACHABLE_CODE = YES;
				CLANG_WARN__DUPLICATE_METHOD_MATCH = YES;
				COPY_PHASE_STRIP = NO;
				DEBUG_INFORMATION_FORMAT = dwarf;
				ENABLE_STRICT_OBJC_MSGSEND = YES;
				ENABLE_TESTABILITY = YES;
				GCC_C_LANGUAGE_STANDARD = gnu11;
				GCC_DYNAMIC_NO_PIC = NO;
				GCC_NO_COMMON_BLOCKS = YES;
				GCC_OPTIMIZATION_LEVEL = 0;
				GCC_PREPROCESSOR_DEFINITIONS = (
					"DEBUG=1",
					"$(inherited)",
				);
				GCC_WARN_64_TO_32_BIT_CONVERSION = YES;
				GCC_WARN_ABOUT_RETURN_TYPE = YES_ERROR;
				GCC_WARN_UNDECLARED_SELECTOR = YES;
				GCC_WARN_UNINITIALIZED_AUTOS = YES_AGGRESSIVE;
				GCC_WARN_UNUSED_FUNCTION = YES;
				GCC_WARN_UNUSED_VARIABLE = YES;
				IPHONEOS_DEPLOYMENT_TARGET = 14.0;
				MTL_ENABLE_DEBUG_INFO = INCLUDE_SOURCE;
				MTL_FAST_MATH = YES;
				ONLY_ACTIVE_ARCH = YES;
				SDKROOT = iphoneos;
				SWIFT_ACTIVE_COMPILATION_CONDITIONS = DEBUG;
				SWIFT_OPTIMIZATION_LEVEL = "-Onone";
			};
			name = Debug;
		};
		3063D19C2539A3AA00A2997D /* Release */ = {
			isa = XCBuildConfiguration;
			buildSettings = {
				ALWAYS_SEARCH_USER_PATHS = NO;
				CLANG_ANALYZER_NONNULL = YES;
				CLANG_ANALYZER_NUMBER_OBJECT_CONVERSION = YES_AGGRESSIVE;
				CLANG_CXX_LANGUAGE_STANDARD = "gnu++14";
				CLANG_CXX_LIBRARY = "libc++";
				CLANG_ENABLE_MODULES = YES;
				CLANG_ENABLE_OBJC_ARC = YES;
				CLANG_ENABLE_OBJC_WEAK = YES;
				CLANG_WARN_BLOCK_CAPTURE_AUTORELEASING = YES;
				CLANG_WARN_BOOL_CONVERSION = YES;
				CLANG_WARN_COMMA = YES;
				CLANG_WARN_CONSTANT_CONVERSION = YES;
				CLANG_WARN_DEPRECATED_OBJC_IMPLEMENTATIONS = YES;
				CLANG_WARN_DIRECT_OBJC_ISA_USAGE = YES_ERROR;
				CLANG_WARN_DOCUMENTATION_COMMENTS = YES;
				CLANG_WARN_EMPTY_BODY = YES;
				CLANG_WARN_ENUM_CONVERSION = YES;
				CLANG_WARN_INFINITE_RECURSION = YES;
				CLANG_WARN_INT_CONVERSION = YES;
				CLANG_WARN_NON_LITERAL_NULL_CONVERSION = YES;
				CLANG_WARN_OBJC_IMPLICIT_RETAIN_SELF = YES;
				CLANG_WARN_OBJC_LITERAL_CONVERSION = YES;
				CLANG_WARN_OBJC_ROOT_CLASS = YES_ERROR;
				CLANG_WARN_QUOTED_INCLUDE_IN_FRAMEWORK_HEADER = YES;
				CLANG_WARN_RANGE_LOOP_ANALYSIS = YES;
				CLANG_WARN_STRICT_PROTOTYPES = YES;
				CLANG_WARN_SUSPICIOUS_MOVE = YES;
				CLANG_WARN_UNGUARDED_AVAILABILITY = YES_AGGRESSIVE;
				CLANG_WARN_UNREACHABLE_CODE = YES;
				CLANG_WARN__DUPLICATE_METHOD_MATCH = YES;
				COPY_PHASE_STRIP = NO;
				DEBUG_INFORMATION_FORMAT = "dwarf-with-dsym";
				ENABLE_NS_ASSERTIONS = NO;
				ENABLE_STRICT_OBJC_MSGSEND = YES;
				GCC_C_LANGUAGE_STANDARD = gnu11;
				GCC_NO_COMMON_BLOCKS = YES;
				GCC_WARN_64_TO_32_BIT_CONVERSION = YES;
				GCC_WARN_ABOUT_RETURN_TYPE = YES_ERROR;
				GCC_WARN_UNDECLARED_SELECTOR = YES;
				GCC_WARN_UNINITIALIZED_AUTOS = YES_AGGRESSIVE;
				GCC_WARN_UNUSED_FUNCTION = YES;
				GCC_WARN_UNUSED_VARIABLE = YES;
				IPHONEOS_DEPLOYMENT_TARGET = 14.0;
				MTL_ENABLE_DEBUG_INFO = NO;
				MTL_FAST_MATH = YES;
				SDKROOT = iphoneos;
				SWIFT_COMPILATION_MODE = wholemodule;
				SWIFT_OPTIMIZATION_LEVEL = "-O";
				VALIDATE_PRODUCT = YES;
			};
			name = Release;
		};
		3063D19E2539A3AA00A2997D /* Debug */ = {
			isa = XCBuildConfiguration;
			buildSettings = {
				ASSETCATALOG_COMPILER_APPICON_NAME = AppIcon;
				ASSETCATALOG_COMPILER_GLOBAL_ACCENT_COLOR_NAME = AccentColor;
				CODE_SIGN_STYLE = Automatic;
				DEVELOPMENT_TEAM = LAT256L2Z3;
				INFOPLIST_FILE = RoundCornersReproducable/Info.plist;
				LD_RUNPATH_SEARCH_PATHS = (
					"$(inherited)",
					"@executable_path/Frameworks",
				);
				PRODUCT_BUNDLE_IDENTIFIER = "io.eagle-dan.test.RoundCornersReproducable";
				PRODUCT_NAME = "$(TARGET_NAME)";
				SWIFT_VERSION = 5.0;
				TARGETED_DEVICE_FAMILY = "1,2";
			};
			name = Debug;
		};
		3063D19F2539A3AA00A2997D /* Release */ = {
			isa = XCBuildConfiguration;
			buildSettings = {
				ASSETCATALOG_COMPILER_APPICON_NAME = AppIcon;
				ASSETCATALOG_COMPILER_GLOBAL_ACCENT_COLOR_NAME = AccentColor;
				CODE_SIGN_STYLE = Automatic;
				DEVELOPMENT_TEAM = LAT256L2Z3;
				INFOPLIST_FILE = RoundCornersReproducable/Info.plist;
				LD_RUNPATH_SEARCH_PATHS = (
					"$(inherited)",
					"@executable_path/Frameworks",
				);
				PRODUCT_BUNDLE_IDENTIFIER = "io.eagle-dan.test.RoundCornersReproducable";
				PRODUCT_NAME = "$(TARGET_NAME)";
				SWIFT_VERSION = 5.0;
				TARGETED_DEVICE_FAMILY = "1,2";
			};
			name = Release;
		};
/* End XCBuildConfiguration section */

/* Begin XCConfigurationList section */
		3063D1842539A3A800A2997D /* Build configuration list for PBXProject "RoundCornersReproducable" */ = {
			isa = XCConfigurationList;
			buildConfigurations = (
				3063D19B2539A3AA00A2997D /* Debug */,
				3063D19C2539A3AA00A2997D /* Release */,
			);
			defaultConfigurationIsVisible = 0;
			defaultConfigurationName = Release;
		};
		3063D19D2539A3AA00A2997D /* Build configuration list for PBXNativeTarget "RoundCornersReproducable" */ = {
			isa = XCConfigurationList;
			buildConfigurations = (
				3063D19E2539A3AA00A2997D /* Debug */,
				3063D19F2539A3AA00A2997D /* Release */,
			);
			defaultConfigurationIsVisible = 0;
			defaultConfigurationName = Release;
		};
/* End XCConfigurationList section */
	};
	rootObject = 3063D1812539A3A800A2997D /* Project object */;
}
